// !$*UTF8*$!
{
	archiveVersion = 1;
	classes = {
	};
	objectVersion = 46;
	objects = {

/* Begin PBXBuildFile section */
		032B941A9F17BC557D5AC363 /* Pods_CarambaKit_Tests.framework in Frameworks */ = {isa = PBXBuildFile; fileRef = E46EB39E36883F242BBC5E14 /* Pods_CarambaKit_Tests.framework */; };
		236FE5DE1D4913090071964D /* HttpClientSpec.swift in Sources */ = {isa = PBXBuildFile; fileRef = 236FE5D61D4913090071964D /* HttpClientSpec.swift */; };
		236FE5DF1D4913090071964D /* JsonHttpClientSpec.swift in Sources */ = {isa = PBXBuildFile; fileRef = 236FE5D71D4913090071964D /* JsonHttpClientSpec.swift */; };
		236FE5E01D4913090071964D /* UrlJsonResponseAdapterSpec.swift in Sources */ = {isa = PBXBuildFile; fileRef = 236FE5D81D4913090071964D /* UrlJsonResponseAdapterSpec.swift */; };
		236FE5E31D4913090071964D /* UrlRequestDispatcherSpec.swift in Sources */ = {isa = PBXBuildFile; fileRef = 236FE5DB1D4913090071964D /* UrlRequestDispatcherSpec.swift */; };
		236FE5E41D4913090071964D /* UrlRequestTypeSpec.swift in Sources */ = {isa = PBXBuildFile; fileRef = 236FE5DC1D4913090071964D /* UrlRequestTypeSpec.swift */; };
		236FE5E61D4913120071964D /* Oauth2HandlerSpec.swift in Sources */ = {isa = PBXBuildFile; fileRef = 236FE5E51D4913120071964D /* Oauth2HandlerSpec.swift */; };
		236FE5EA1D4913910071964D /* UrlParameterEncodingSpec.swift in Sources */ = {isa = PBXBuildFile; fileRef = 236FE5E81D4913910071964D /* UrlParameterEncodingSpec.swift */; };
		236FE5EB1D4913910071964D /* UrlRequestBuilderSpec.swift in Sources */ = {isa = PBXBuildFile; fileRef = 236FE5E91D4913910071964D /* UrlRequestBuilderSpec.swift */; };
		239364F31D4B6EDF00C3F5A6 /* SessionRepositorySpec.swift in Sources */ = {isa = PBXBuildFile; fileRef = 239364F21D4B6EDF00C3F5A6 /* SessionRepositorySpec.swift */; };
		23ED6E9C1D38279E00A5F2A2 /* UserDefaultsObservableSpec.swift in Sources */ = {isa = PBXBuildFile; fileRef = 23ED6E9B1D38279E00A5F2A2 /* UserDefaultsObservableSpec.swift */; };
/* End PBXBuildFile section */

/* Begin PBXFileReference section */
		0088FFE3F11D49E2E8CBE231 /* Pods-CarambaKit_Tests.release.xcconfig */ = {isa = PBXFileReference; includeInIndex = 1; lastKnownFileType = text.xcconfig; name = "Pods-CarambaKit_Tests.release.xcconfig"; path = "Pods/Target Support Files/Pods-CarambaKit_Tests/Pods-CarambaKit_Tests.release.xcconfig"; sourceTree = "<group>"; };
		106B568613CF427A25D3D11C /* Pods_Core_Example.framework */ = {isa = PBXFileReference; explicitFileType = wrapper.framework; includeInIndex = 0; path = Pods_Core_Example.framework; sourceTree = BUILT_PRODUCTS_DIR; };
		236FE5D61D4913090071964D /* HttpClientSpec.swift */ = {isa = PBXFileReference; fileEncoding = 4; lastKnownFileType = sourcecode.swift; path = HttpClientSpec.swift; sourceTree = "<group>"; };
		236FE5D71D4913090071964D /* JsonHttpClientSpec.swift */ = {isa = PBXFileReference; fileEncoding = 4; lastKnownFileType = sourcecode.swift; path = JsonHttpClientSpec.swift; sourceTree = "<group>"; };
		236FE5D81D4913090071964D /* UrlJsonResponseAdapterSpec.swift */ = {isa = PBXFileReference; fileEncoding = 4; lastKnownFileType = sourcecode.swift; path = UrlJsonResponseAdapterSpec.swift; sourceTree = "<group>"; };
		236FE5DB1D4913090071964D /* UrlRequestDispatcherSpec.swift */ = {isa = PBXFileReference; fileEncoding = 4; lastKnownFileType = sourcecode.swift; path = UrlRequestDispatcherSpec.swift; sourceTree = "<group>"; };
		236FE5DC1D4913090071964D /* UrlRequestTypeSpec.swift */ = {isa = PBXFileReference; fileEncoding = 4; lastKnownFileType = sourcecode.swift; path = UrlRequestTypeSpec.swift; sourceTree = "<group>"; };
		236FE5E51D4913120071964D /* Oauth2HandlerSpec.swift */ = {isa = PBXFileReference; fileEncoding = 4; lastKnownFileType = sourcecode.swift; path = Oauth2HandlerSpec.swift; sourceTree = "<group>"; };
		236FE5E81D4913910071964D /* UrlParameterEncodingSpec.swift */ = {isa = PBXFileReference; fileEncoding = 4; lastKnownFileType = sourcecode.swift; path = UrlParameterEncodingSpec.swift; sourceTree = "<group>"; };
		236FE5E91D4913910071964D /* UrlRequestBuilderSpec.swift */ = {isa = PBXFileReference; fileEncoding = 4; lastKnownFileType = sourcecode.swift; path = UrlRequestBuilderSpec.swift; sourceTree = "<group>"; };
		239364F21D4B6EDF00C3F5A6 /* SessionRepositorySpec.swift */ = {isa = PBXFileReference; fileEncoding = 4; lastKnownFileType = sourcecode.swift; path = SessionRepositorySpec.swift; sourceTree = "<group>"; };
		23ED6E9B1D38279E00A5F2A2 /* UserDefaultsObservableSpec.swift */ = {isa = PBXFileReference; fileEncoding = 4; lastKnownFileType = sourcecode.swift; path = UserDefaultsObservableSpec.swift; sourceTree = "<group>"; };
		2BA82767E7F710C8ADA557C9 /* Pods-Core_Tests.debug.xcconfig */ = {isa = PBXFileReference; includeInIndex = 1; lastKnownFileType = text.xcconfig; name = "Pods-Core_Tests.debug.xcconfig"; path = "Pods/Target Support Files/Pods-Core_Tests/Pods-Core_Tests.debug.xcconfig"; sourceTree = "<group>"; };
		468D79AA85FE60538FA7DA29 /* Pods-CarambaKit_Tests.debug.xcconfig */ = {isa = PBXFileReference; includeInIndex = 1; lastKnownFileType = text.xcconfig; name = "Pods-CarambaKit_Tests.debug.xcconfig"; path = "Pods/Target Support Files/Pods-CarambaKit_Tests/Pods-CarambaKit_Tests.debug.xcconfig"; sourceTree = "<group>"; };
		4B9452AAB20CE33E9E5BF91B /* Pods-Core_Example.debug.xcconfig */ = {isa = PBXFileReference; includeInIndex = 1; lastKnownFileType = text.xcconfig; name = "Pods-Core_Example.debug.xcconfig"; path = "Pods/Target Support Files/Pods-Core_Example/Pods-Core_Example.debug.xcconfig"; sourceTree = "<group>"; };
		607FACE51AFB9204008FA782 /* CarambaKit_Tests.xctest */ = {isa = PBXFileReference; explicitFileType = wrapper.cfbundle; includeInIndex = 0; path = CarambaKit_Tests.xctest; sourceTree = BUILT_PRODUCTS_DIR; };
		607FACEA1AFB9204008FA782 /* Info.plist */ = {isa = PBXFileReference; lastKnownFileType = text.plist.xml; path = Info.plist; sourceTree = "<group>"; };
		BF179A87BA0EF7634C9838FB /* Core.podspec */ = {isa = PBXFileReference; includeInIndex = 1; lastKnownFileType = text; name = Core.podspec; path = ../Core.podspec; sourceTree = "<group>"; };
		C0C1362F32BCA2E6738D6723 /* Pods-Core_Tests.release.xcconfig */ = {isa = PBXFileReference; includeInIndex = 1; lastKnownFileType = text.xcconfig; name = "Pods-Core_Tests.release.xcconfig"; path = "Pods/Target Support Files/Pods-Core_Tests/Pods-Core_Tests.release.xcconfig"; sourceTree = "<group>"; };
		CCA1BE979F535E3E7F81058B /* Pods_Core_Tests.framework */ = {isa = PBXFileReference; explicitFileType = wrapper.framework; includeInIndex = 0; path = Pods_Core_Tests.framework; sourceTree = BUILT_PRODUCTS_DIR; };
		DBF822DB45FA80E0D2C74665 /* LICENSE */ = {isa = PBXFileReference; includeInIndex = 1; lastKnownFileType = text; name = LICENSE; path = ../LICENSE; sourceTree = "<group>"; };
		E3E2E524A8A2C0D147AA9356 /* Pods-Core_Example.release.xcconfig */ = {isa = PBXFileReference; includeInIndex = 1; lastKnownFileType = text.xcconfig; name = "Pods-Core_Example.release.xcconfig"; path = "Pods/Target Support Files/Pods-Core_Example/Pods-Core_Example.release.xcconfig"; sourceTree = "<group>"; };
		E46EB39E36883F242BBC5E14 /* Pods_CarambaKit_Tests.framework */ = {isa = PBXFileReference; explicitFileType = wrapper.framework; includeInIndex = 0; path = Pods_CarambaKit_Tests.framework; sourceTree = BUILT_PRODUCTS_DIR; };
		EA66E70EF371D2B2BD4257E3 /* README.md */ = {isa = PBXFileReference; includeInIndex = 1; lastKnownFileType = net.daringfireball.markdown; name = README.md; path = ../README.md; sourceTree = "<group>"; };
/* End PBXFileReference section */

/* Begin PBXFrameworksBuildPhase section */
		607FACE21AFB9204008FA782 /* Frameworks */ = {
			isa = PBXFrameworksBuildPhase;
			buildActionMask = 2147483647;
			files = (
				032B941A9F17BC557D5AC363 /* Pods_CarambaKit_Tests.framework in Frameworks */,
			);
			runOnlyForDeploymentPostprocessing = 0;
		};
/* End PBXFrameworksBuildPhase section */

/* Begin PBXGroup section */
		0646163A72403E4D6382A29C /* Frameworks */ = {
			isa = PBXGroup;
			children = (
				106B568613CF427A25D3D11C /* Pods_Core_Example.framework */,
				CCA1BE979F535E3E7F81058B /* Pods_Core_Tests.framework */,
				E46EB39E36883F242BBC5E14 /* Pods_CarambaKit_Tests.framework */,
			);
			name = Frameworks;
			sourceTree = "<group>";
		};
		167849163E21A5AD6037312E /* Pods */ = {
			isa = PBXGroup;
			children = (
				4B9452AAB20CE33E9E5BF91B /* Pods-Core_Example.debug.xcconfig */,
				E3E2E524A8A2C0D147AA9356 /* Pods-Core_Example.release.xcconfig */,
				2BA82767E7F710C8ADA557C9 /* Pods-Core_Tests.debug.xcconfig */,
				C0C1362F32BCA2E6738D6723 /* Pods-Core_Tests.release.xcconfig */,
				468D79AA85FE60538FA7DA29 /* Pods-CarambaKit_Tests.debug.xcconfig */,
				0088FFE3F11D49E2E8CBE231 /* Pods-CarambaKit_Tests.release.xcconfig */,
			);
			name = Pods;
			sourceTree = "<group>";
		};
		23433B281D3646400018405C /* Networking */ = {
			isa = PBXGroup;
			children = (
				239364F11D4B6EDF00C3F5A6 /* Session */,
				236FE5E71D4913910071964D /* RequestBuilder */,
				236FE5D51D4913090071964D /* Client */,
				236FE5DD1D4913090071964D /* Oauth2 */,
			);
			path = Networking;
			sourceTree = "<group>";
		};
		236FE5D51D4913090071964D /* Client */ = {
			isa = PBXGroup;
			children = (
				236FE5D61D4913090071964D /* HttpClientSpec.swift */,
				236FE5D71D4913090071964D /* JsonHttpClientSpec.swift */,
				236FE5D81D4913090071964D /* UrlJsonResponseAdapterSpec.swift */,
				236FE5DB1D4913090071964D /* UrlRequestDispatcherSpec.swift */,
				236FE5DC1D4913090071964D /* UrlRequestTypeSpec.swift */,
			);
			path = Client;
			sourceTree = "<group>";
		};
		236FE5DD1D4913090071964D /* Oauth2 */ = {
			isa = PBXGroup;
			children = (
				236FE5E51D4913120071964D /* Oauth2HandlerSpec.swift */,
			);
			path = Oauth2;
			sourceTree = "<group>";
		};
		236FE5E71D4913910071964D /* RequestBuilder */ = {
			isa = PBXGroup;
			children = (
				236FE5E81D4913910071964D /* UrlParameterEncodingSpec.swift */,
				236FE5E91D4913910071964D /* UrlRequestBuilderSpec.swift */,
			);
			path = RequestBuilder;
			sourceTree = "<group>";
		};
		239364F11D4B6EDF00C3F5A6 /* Session */ = {
			isa = PBXGroup;
			children = (
				239364F21D4B6EDF00C3F5A6 /* SessionRepositorySpec.swift */,
			);
			path = Session;
			sourceTree = "<group>";
		};
		23ED6E991D38279400A5F2A2 /* Persistence */ = {
			isa = PBXGroup;
			children = (
				23ED6E9A1D38279400A5F2A2 /* UserDefaults */,
			);
			path = Persistence;
			sourceTree = "<group>";
		};
		23ED6E9A1D38279400A5F2A2 /* UserDefaults */ = {
			isa = PBXGroup;
			children = (
				23ED6E9B1D38279E00A5F2A2 /* UserDefaultsObservableSpec.swift */,
			);
			path = UserDefaults;
			sourceTree = "<group>";
		};
		607FACC71AFB9204008FA782 = {
			isa = PBXGroup;
			children = (
				607FACF51AFB993E008FA782 /* Podspec Metadata */,
				607FACE81AFB9204008FA782 /* Tests */,
				607FACD11AFB9204008FA782 /* Products */,
				167849163E21A5AD6037312E /* Pods */,
				0646163A72403E4D6382A29C /* Frameworks */,
			);
			sourceTree = "<group>";
		};
		607FACD11AFB9204008FA782 /* Products */ = {
			isa = PBXGroup;
			children = (
				607FACE51AFB9204008FA782 /* CarambaKit_Tests.xctest */,
			);
			name = Products;
			sourceTree = "<group>";
		};
		607FACE81AFB9204008FA782 /* Tests */ = {
			isa = PBXGroup;
			children = (
				23ED6E991D38279400A5F2A2 /* Persistence */,
				23433B281D3646400018405C /* Networking */,
				607FACE91AFB9204008FA782 /* Supporting Files */,
			);
			path = Tests;
			sourceTree = "<group>";
		};
		607FACE91AFB9204008FA782 /* Supporting Files */ = {
			isa = PBXGroup;
			children = (
				607FACEA1AFB9204008FA782 /* Info.plist */,
			);
			name = "Supporting Files";
			sourceTree = "<group>";
		};
		607FACF51AFB993E008FA782 /* Podspec Metadata */ = {
			isa = PBXGroup;
			children = (
				BF179A87BA0EF7634C9838FB /* Core.podspec */,
				EA66E70EF371D2B2BD4257E3 /* README.md */,
				DBF822DB45FA80E0D2C74665 /* LICENSE */,
			);
			name = "Podspec Metadata";
			sourceTree = "<group>";
		};
/* End PBXGroup section */

/* Begin PBXNativeTarget section */
		607FACE41AFB9204008FA782 /* CarambaKit_Tests */ = {
			isa = PBXNativeTarget;
			buildConfigurationList = 607FACF21AFB9204008FA782 /* Build configuration list for PBXNativeTarget "CarambaKit_Tests" */;
			buildPhases = (
				26125EA5B26C138845A87651 /* [CP] Check Pods Manifest.lock */,
				607FACE11AFB9204008FA782 /* Sources */,
				607FACE21AFB9204008FA782 /* Frameworks */,
				607FACE31AFB9204008FA782 /* Resources */,
				5315CF5E616694E27CD51458 /* [CP] Embed Pods Frameworks */,
				AD025F9A21AD97A3CF31E664 /* [CP] Copy Pods Resources */,
				238F9DE81D497F7400C1BB29 /* Swiftlint */,
			);
			buildRules = (
			);
			dependencies = (
			);
			name = CarambaKit_Tests;
			productName = Tests;
			productReference = 607FACE51AFB9204008FA782 /* CarambaKit_Tests.xctest */;
			productType = "com.apple.product-type.bundle.unit-test";
		};
/* End PBXNativeTarget section */

/* Begin PBXProject section */
		607FACC81AFB9204008FA782 /* Project object */ = {
			isa = PBXProject;
			attributes = {
				LastSwiftUpdateCheck = 0730;
				LastUpgradeCheck = 0720;
				ORGANIZATIONNAME = CocoaPods;
				TargetAttributes = {
					607FACE41AFB9204008FA782 = {
						CreatedOnToolsVersion = 6.3.1;
						TestTargetID = 607FACCF1AFB9204008FA782;
					};
				};
			};
			buildConfigurationList = 607FACCB1AFB9204008FA782 /* Build configuration list for PBXProject "CarambaKit" */;
			compatibilityVersion = "Xcode 3.2";
			developmentRegion = English;
			hasScannedForEncodings = 0;
			knownRegions = (
				en,
				Base,
			);
			mainGroup = 607FACC71AFB9204008FA782;
			productRefGroup = 607FACD11AFB9204008FA782 /* Products */;
			projectDirPath = "";
			projectRoot = "";
			targets = (
				607FACE41AFB9204008FA782 /* CarambaKit_Tests */,
			);
		};
/* End PBXProject section */

/* Begin PBXResourcesBuildPhase section */
		607FACE31AFB9204008FA782 /* Resources */ = {
			isa = PBXResourcesBuildPhase;
			buildActionMask = 2147483647;
			files = (
			);
			runOnlyForDeploymentPostprocessing = 0;
		};
/* End PBXResourcesBuildPhase section */

/* Begin PBXShellScriptBuildPhase section */
		238F9DE81D497F7400C1BB29 /* Swiftlint */ = {
			isa = PBXShellScriptBuildPhase;
			buildActionMask = 2147483647;
			files = (
			);
			inputPaths = (
			);
			name = Swiftlint;
			outputPaths = (
			);
			runOnlyForDeploymentPostprocessing = 0;
			shellPath = /bin/sh;
			shellScript = "if which swiftlint >/dev/null; then\nswiftlint lint --config \"../.swiftlint.yml\"\nelse\necho \"warning: SwiftLint not installed, download from https://github.com/realm/SwiftLint\"\nfi";
		};
		26125EA5B26C138845A87651 /* [CP] Check Pods Manifest.lock */ = {
			isa = PBXShellScriptBuildPhase;
			buildActionMask = 2147483647;
			files = (
			);
			inputPaths = (
			);
			name = "[CP] Check Pods Manifest.lock";
			outputPaths = (
			);
			runOnlyForDeploymentPostprocessing = 0;
			shellPath = /bin/sh;
			shellScript = "diff \"${PODS_ROOT}/../Podfile.lock\" \"${PODS_ROOT}/Manifest.lock\" > /dev/null\nif [[ $? != 0 ]] ; then\n    cat << EOM\nerror: The sandbox is not in sync with the Podfile.lock. Run 'pod install' or update your CocoaPods installation.\nEOM\n    exit 1\nfi\n";
			showEnvVarsInLog = 0;
		};
		5315CF5E616694E27CD51458 /* [CP] Embed Pods Frameworks */ = {
			isa = PBXShellScriptBuildPhase;
			buildActionMask = 2147483647;
			files = (
			);
			inputPaths = (
			);
			name = "[CP] Embed Pods Frameworks";
			outputPaths = (
			);
			runOnlyForDeploymentPostprocessing = 0;
			shellPath = /bin/sh;
			shellScript = "\"${SRCROOT}/Pods/Target Support Files/Pods-CarambaKit_Tests/Pods-CarambaKit_Tests-frameworks.sh\"\n";
			showEnvVarsInLog = 0;
		};
		AD025F9A21AD97A3CF31E664 /* [CP] Copy Pods Resources */ = {
			isa = PBXShellScriptBuildPhase;
			buildActionMask = 2147483647;
			files = (
			);
			inputPaths = (
			);
			name = "[CP] Copy Pods Resources";
			outputPaths = (
			);
			runOnlyForDeploymentPostprocessing = 0;
			shellPath = /bin/sh;
			shellScript = "\"${SRCROOT}/Pods/Target Support Files/Pods-CarambaKit_Tests/Pods-CarambaKit_Tests-resources.sh\"\n";
			showEnvVarsInLog = 0;
		};
/* End PBXShellScriptBuildPhase section */

/* Begin PBXSourcesBuildPhase section */
		607FACE11AFB9204008FA782 /* Sources */ = {
			isa = PBXSourcesBuildPhase;
			buildActionMask = 2147483647;
			files = (
				236FE5E61D4913120071964D /* Oauth2HandlerSpec.swift in Sources */,
				236FE5EB1D4913910071964D /* UrlRequestBuilderSpec.swift in Sources */,
				236FE5DF1D4913090071964D /* JsonHttpClientSpec.swift in Sources */,
				239364F31D4B6EDF00C3F5A6 /* SessionRepositorySpec.swift in Sources */,
				236FE5E31D4913090071964D /* UrlRequestDispatcherSpec.swift in Sources */,
				23ED6E9C1D38279E00A5F2A2 /* UserDefaultsObservableSpec.swift in Sources */,
				236FE5E41D4913090071964D /* UrlRequestTypeSpec.swift in Sources */,
				236FE5E01D4913090071964D /* UrlJsonResponseAdapterSpec.swift in Sources */,
				236FE5DE1D4913090071964D /* HttpClientSpec.swift in Sources */,
				236FE5EA1D4913910071964D /* UrlParameterEncodingSpec.swift in Sources */,
			);
			runOnlyForDeploymentPostprocessing = 0;
		};
/* End PBXSourcesBuildPhase section */

/* Begin XCBuildConfiguration section */
		607FACED1AFB9204008FA782 /* Debug */ = {
			isa = XCBuildConfiguration;
			buildSettings = {
				ALWAYS_SEARCH_USER_PATHS = NO;
				CLANG_CXX_LANGUAGE_STANDARD = "gnu++0x";
				CLANG_CXX_LIBRARY = "libc++";
				CLANG_ENABLE_MODULES = YES;
				CLANG_ENABLE_OBJC_ARC = YES;
				CLANG_WARN_BOOL_CONVERSION = YES;
				CLANG_WARN_CONSTANT_CONVERSION = YES;
				CLANG_WARN_DIRECT_OBJC_ISA_USAGE = YES_ERROR;
				CLANG_WARN_EMPTY_BODY = YES;
				CLANG_WARN_ENUM_CONVERSION = YES;
				CLANG_WARN_INT_CONVERSION = YES;
				CLANG_WARN_OBJC_ROOT_CLASS = YES_ERROR;
				CLANG_WARN_UNREACHABLE_CODE = YES;
				CLANG_WARN__DUPLICATE_METHOD_MATCH = YES;
				"CODE_SIGN_IDENTITY[sdk=iphoneos*]" = "iPhone Developer";
				COPY_PHASE_STRIP = NO;
				DEBUG_INFORMATION_FORMAT = "dwarf-with-dsym";
				ENABLE_STRICT_OBJC_MSGSEND = YES;
				ENABLE_TESTABILITY = YES;
				GCC_C_LANGUAGE_STANDARD = gnu99;
				GCC_DYNAMIC_NO_PIC = NO;
				GCC_NO_COMMON_BLOCKS = YES;
				GCC_OPTIMIZATION_LEVEL = 0;
				GCC_PREPROCESSOR_DEFINITIONS = (
					"DEBUG=1",
					"$(inherited)",
				);
				GCC_SYMBOLS_PRIVATE_EXTERN = NO;
				GCC_WARN_64_TO_32_BIT_CONVERSION = YES;
				GCC_WARN_ABOUT_RETURN_TYPE = YES_ERROR;
				GCC_WARN_UNDECLARED_SELECTOR = YES;
				GCC_WARN_UNINITIALIZED_AUTOS = YES_AGGRESSIVE;
				GCC_WARN_UNUSED_FUNCTION = YES;
				GCC_WARN_UNUSED_VARIABLE = YES;
				IPHONEOS_DEPLOYMENT_TARGET = 8.3;
				MTL_ENABLE_DEBUG_INFO = YES;
				ONLY_ACTIVE_ARCH = YES;
				SDKROOT = iphoneos;
				SWIFT_OPTIMIZATION_LEVEL = "-Onone";
			};
			name = Debug;
		};
		607FACEE1AFB9204008FA782 /* Release */ = {
			isa = XCBuildConfiguration;
			buildSettings = {
				ALWAYS_SEARCH_USER_PATHS = NO;
				CLANG_CXX_LANGUAGE_STANDARD = "gnu++0x";
				CLANG_CXX_LIBRARY = "libc++";
				CLANG_ENABLE_MODULES = YES;
				CLANG_ENABLE_OBJC_ARC = YES;
				CLANG_WARN_BOOL_CONVERSION = YES;
				CLANG_WARN_CONSTANT_CONVERSION = YES;
				CLANG_WARN_DIRECT_OBJC_ISA_USAGE = YES_ERROR;
				CLANG_WARN_EMPTY_BODY = YES;
				CLANG_WARN_ENUM_CONVERSION = YES;
				CLANG_WARN_INT_CONVERSION = YES;
				CLANG_WARN_OBJC_ROOT_CLASS = YES_ERROR;
				CLANG_WARN_UNREACHABLE_CODE = YES;
				CLANG_WARN__DUPLICATE_METHOD_MATCH = YES;
				"CODE_SIGN_IDENTITY[sdk=iphoneos*]" = "iPhone Developer";
				COPY_PHASE_STRIP = NO;
				DEBUG_INFORMATION_FORMAT = "dwarf-with-dsym";
				ENABLE_NS_ASSERTIONS = NO;
				ENABLE_STRICT_OBJC_MSGSEND = YES;
				GCC_C_LANGUAGE_STANDARD = gnu99;
				GCC_NO_COMMON_BLOCKS = YES;
				GCC_WARN_64_TO_32_BIT_CONVERSION = YES;
				GCC_WARN_ABOUT_RETURN_TYPE = YES_ERROR;
				GCC_WARN_UNDECLARED_SELECTOR = YES;
				GCC_WARN_UNINITIALIZED_AUTOS = YES_AGGRESSIVE;
				GCC_WARN_UNUSED_FUNCTION = YES;
				GCC_WARN_UNUSED_VARIABLE = YES;
				IPHONEOS_DEPLOYMENT_TARGET = 8.3;
				MTL_ENABLE_DEBUG_INFO = NO;
				SDKROOT = iphoneos;
				VALIDATE_PRODUCT = YES;
			};
			name = Release;
		};
		607FACF31AFB9204008FA782 /* Debug */ = {
			isa = XCBuildConfiguration;
			baseConfigurationReference = 468D79AA85FE60538FA7DA29 /* Pods-CarambaKit_Tests.debug.xcconfig */;
			buildSettings = {
				CLANG_ENABLE_MODULES = YES;
				FRAMEWORK_SEARCH_PATHS = (
					"$(SDKROOT)/Developer/Library/Frameworks",
					"$(inherited)",
				);
				GCC_PREPROCESSOR_DEFINITIONS = (
					"DEBUG=1",
					"$(inherited)",
				);
				INFOPLIST_FILE = Tests/Info.plist;
				LD_RUNPATH_SEARCH_PATHS = "$(inherited) @executable_path/Frameworks @loader_path/Frameworks";
				PRODUCT_BUNDLE_IDENTIFIER = "org.cocoapods.$(PRODUCT_NAME:rfc1034identifier)";
				PRODUCT_NAME = CarambaKit_Tests;
				SWIFT_OPTIMIZATION_LEVEL = "-Onone";
			};
			name = Debug;
		};
		607FACF41AFB9204008FA782 /* Release */ = {
			isa = XCBuildConfiguration;
			baseConfigurationReference = 0088FFE3F11D49E2E8CBE231 /* Pods-CarambaKit_Tests.release.xcconfig */;
			buildSettings = {
				CLANG_ENABLE_MODULES = YES;
				FRAMEWORK_SEARCH_PATHS = (
					"$(SDKROOT)/Developer/Library/Frameworks",
					"$(inherited)",
				);
				INFOPLIST_FILE = Tests/Info.plist;
				LD_RUNPATH_SEARCH_PATHS = "$(inherited) @executable_path/Frameworks @loader_path/Frameworks";
				PRODUCT_BUNDLE_IDENTIFIER = "org.cocoapods.$(PRODUCT_NAME:rfc1034identifier)";
				PRODUCT_NAME = CarambaKit_Tests;
			};
			name = Release;
		};
/* End XCBuildConfiguration section */

/* Begin XCConfigurationList section */
		607FACCB1AFB9204008FA782 /* Build configuration list for PBXProject "CarambaKit" */ = {
			isa = XCConfigurationList;
			buildConfigurations = (
				607FACED1AFB9204008FA782 /* Debug */,
				607FACEE1AFB9204008FA782 /* Release */,
			);
			defaultConfigurationIsVisible = 0;
			defaultConfigurationName = Release;
		};
		607FACF21AFB9204008FA782 /* Build configuration list for PBXNativeTarget "CarambaKit_Tests" */ = {
			isa = XCConfigurationList;
			buildConfigurations = (
				607FACF31AFB9204008FA782 /* Debug */,
				607FACF41AFB9204008FA782 /* Release */,
			);
			defaultConfigurationIsVisible = 0;
			defaultConfigurationName = Release;
		};
/* End XCConfigurationList section */
	};
	rootObject = 607FACC81AFB9204008FA782 /* Project object */;
}
